
Microsoft Visual Studio Solution File, Format Version 12.00
# Visual Studio Version 16
VisualStudioVersion = 16.0.29609.76
MinimumVisualStudioVersion = 10.0.40219.1
Project("{FAE04EC0-301F-11D3-BF4B-00C04F79EFBC}") = "TestListSynchronizer", "TestListSynchronizer.csproj", "{9C5A119F-186C-49E4-B51C-CD83B2C0F397}"
EndProject
Project("{FAE04EC0-301F-11D3-BF4B-00C04F79EFBC}") = "ConsoleTest", "..\ConsoleTest\ConsoleTest.csproj", "{4E888E3B-ABA9-4EFF-A654-5419F8262F78}"
EndProject
Global
	GlobalSection(SolutionConfigurationPlatforms) = preSolution
		Debug|Any CPU = Debug|Any CPU
		Release|Any CPU = Release|Any CPU
	EndGlobalSection
	GlobalSection(ProjectConfigurationPlatforms) = postSolution
		{9C5A119F-186C-49E4-B51C-CD83B2C0F397}.Debug|Any CPU.ActiveCfg = Debug|Any CPU
		{9C5A119F-186C-49E4-B51C-CD83B2C0F397}.Debug|Any CPU.Build.0 = Debug|Any CPU
		{9C5A119F-186C-49E4-B51C-CD83B2C0F397}.Release|Any CPU.ActiveCfg = Release|Any CPU
		{9C5A119F-186C-49E4-B51C-CD83B2C0F397}.Release|Any CPU.Build.0 = Release|Any CPU
		{4E888E3B-ABA9-4EFF-A654-5419F8262F78}.Debug|Any CPU.ActiveCfg = Debug|Any CPU
		{4E888E3B-ABA9-4EFF-A654-5419F8262F78}.Debug|Any CPU.Build.0 = Debug|Any CPU
		{4E888E3B-ABA9-4EFF-A654-5419F8262F78}.Release|Any CPU.ActiveCfg = Release|Any CPU
		{4E888E3B-ABA9-4EFF-A654-5419F8262F78}.Release|Any CPU.Build.0 = Release|Any CPU
	EndGlobalSection
	GlobalSection(SolutionProperties) = preSolution
		HideSolutionNode = FALSE
	EndGlobalSection
	GlobalSection(ExtensibilityGlobals) = postSolution
		SolutionGuid = {B7E02523-56ED-4304-B265-292FA1E1A7BE}
	EndGlobalSection
EndGlobal
